
Microsoft Visual Studio Solution File, Format Version 12.00
# Visual Studio 15
VisualStudioVersion = 15.0.27703.2026
MinimumVisualStudioVersion = 10.0.40219.1
Project("{FAE04EC0-301F-11D3-BF4B-00C04F79EFBC}") = "UnitConverterMVC", "UnitConverterMVC\UnitConverterMVC.csproj", "{9FF9567F-5181-41A5-B93A-EB4C05D8FE52}"
EndProject
Global
	GlobalSection(SolutionConfigurationPlatforms) = preSolution
		Debug|Any CPU = Debug|Any CPU
		Release|Any CPU = Release|Any CPU
	EndGlobalSection
	GlobalSection(ProjectConfigurationPlatforms) = postSolution
		{9FF9567F-5181-41A5-B93A-EB4C05D8FE52}.Debug|Any CPU.ActiveCfg = Debug|Any CPU
		{9FF9567F-5181-41A5-B93A-EB4C05D8FE52}.Debug|Any CPU.Build.0 = Debug|Any CPU
		{9FF9567F-5181-41A5-B93A-EB4C05D8FE52}.Release|Any CPU.ActiveCfg = Release|Any CPU
		{9FF9567F-5181-41A5-B93A-EB4C05D8FE52}.Release|Any CPU.Build.0 = Release|Any CPU
	EndGlobalSection
	GlobalSection(SolutionProperties) = preSolution
		HideSolutionNode = FALSE
	EndGlobalSection
	GlobalSection(ExtensibilityGlobals) = postSolution
		SolutionGuid = {F7376B5D-44F0-44A0-8798-6F10B04A9927}
	EndGlobalSection
EndGlobal
